
Microsoft Visual Studio Solution File, Format Version 12.00
# Visual Studio 15
VisualStudioVersion = 15.0.34031.82
MinimumVisualStudioVersion = 10.0.40219.1
Project("{8BC9CEB8-8B4A-11D0-8D11-00A0C91BC942}") = "2.26", "2.26\2.26.vcxproj", "{F03AF1B2-365A-437E-A831-8CEAF6491669}"
EndProject
Global
	GlobalSection(SolutionConfigurationPlatforms) = preSolution
		Debug|x64 = Debug|x64
		Debug|x86 = Debug|x86
		Release|x64 = Release|x64
		Release|x86 = Release|x86
	EndGlobalSection
	GlobalSection(ProjectConfigurationPlatforms) = postSolution
		{F03AF1B2-365A-437E-A831-8CEAF6491669}.Debug|x64.ActiveCfg = Debug|x64
		{F03AF1B2-365A-437E-A831-8CEAF6491669}.Debug|x64.Build.0 = Debug|x64
		{F03AF1B2-365A-437E-A831-8CEAF6491669}.Debug|x86.ActiveCfg = Debug|Win32
		{F03AF1B2-365A-437E-A831-8CEAF6491669}.Debug|x86.Build.0 = Debug|Win32
		{F03AF1B2-365A-437E-A831-8CEAF6491669}.Release|x64.ActiveCfg = Release|x64
		{F03AF1B2-365A-437E-A831-8CEAF6491669}.Release|x64.Build.0 = Release|x64
		{F03AF1B2-365A-437E-A831-8CEAF6491669}.Release|x86.ActiveCfg = Release|Win32
		{F03AF1B2-365A-437E-A831-8CEAF6491669}.Release|x86.Build.0 = Release|Win32
	EndGlobalSection
	GlobalSection(SolutionProperties) = preSolution
		HideSolutionNode = FALSE
	EndGlobalSection
	GlobalSection(ExtensibilityGlobals) = postSolution
		SolutionGuid = {7F0CF38A-DA9B-462F-865E-8E14C3A36856}
	EndGlobalSection
EndGlobal
